
Microsoft Visual Studio Solution File, Format Version 12.00
# Visual Studio 14
VisualStudioVersion = 14.0.25123.0
MinimumVisualStudioVersion = 10.0.40219.1
Project("{F184B08F-C81C-45F6-A57F-5ABD9991F28F}") = "Data base assistent", "Data base assistent\Data base assistent.vbproj", "{78908F8F-5BDF-4310-864A-4FE19869C80C}"
EndProject
Project("{F184B08F-C81C-45F6-A57F-5ABD9991F28F}") = "Logica", "Logica\Logica.vbproj", "{E819DA5B-EAE3-4E87-A5B9-4F17306F9DAF}"
EndProject
Global
	GlobalSection(SolutionConfigurationPlatforms) = preSolution
		Debug|Any CPU = Debug|Any CPU
		Release|Any CPU = Release|Any CPU
	EndGlobalSection
	GlobalSection(ProjectConfigurationPlatforms) = postSolution
		{78908F8F-5BDF-4310-864A-4FE19869C80C}.Debug|Any CPU.ActiveCfg = Debug|Any CPU
		{78908F8F-5BDF-4310-864A-4FE19869C80C}.Debug|Any CPU.Build.0 = Debug|Any CPU
		{78908F8F-5BDF-4310-864A-4FE19869C80C}.Release|Any CPU.ActiveCfg = Release|Any CPU
		{78908F8F-5BDF-4310-864A-4FE19869C80C}.Release|Any CPU.Build.0 = Release|Any CPU
		{E819DA5B-EAE3-4E87-A5B9-4F17306F9DAF}.Debug|Any CPU.ActiveCfg = Debug|Any CPU
		{E819DA5B-EAE3-4E87-A5B9-4F17306F9DAF}.Debug|Any CPU.Build.0 = Debug|Any CPU
		{E819DA5B-EAE3-4E87-A5B9-4F17306F9DAF}.Release|Any CPU.ActiveCfg = Release|Any CPU
		{E819DA5B-EAE3-4E87-A5B9-4F17306F9DAF}.Release|Any CPU.Build.0 = Release|Any CPU
	EndGlobalSection
	GlobalSection(SolutionProperties) = preSolution
		HideSolutionNode = FALSE
	EndGlobalSection
EndGlobal
